
Microsoft Visual Studio Solution File, Format Version 12.00
# Visual Studio Version 17
VisualStudioVersion = 17.2.32630.192
MinimumVisualStudioVersion = 10.0.40219.1
Project("{FAE04EC0-301F-11D3-BF4B-00C04F79EFBC}") = "ConsoleApp3", "ConsoleApp3\ConsoleApp3.csproj", "{FF314031-CBC3-440C-A215-01938799D78C}"
EndProject
Global
	GlobalSection(SolutionConfigurationPlatforms) = preSolution
		Debug|Any CPU = Debug|Any CPU
		Release|Any CPU = Release|Any CPU
	EndGlobalSection
	GlobalSection(ProjectConfigurationPlatforms) = postSolution
		{FF314031-CBC3-440C-A215-01938799D78C}.Debug|Any CPU.ActiveCfg = Debug|Any CPU
		{FF314031-CBC3-440C-A215-01938799D78C}.Debug|Any CPU.Build.0 = Debug|Any CPU
		{FF314031-CBC3-440C-A215-01938799D78C}.Release|Any CPU.ActiveCfg = Release|Any CPU
		{FF314031-CBC3-440C-A215-01938799D78C}.Release|Any CPU.Build.0 = Release|Any CPU
	EndGlobalSection
	GlobalSection(SolutionProperties) = preSolution
		HideSolutionNode = FALSE
	EndGlobalSection
	GlobalSection(ExtensibilityGlobals) = postSolution
		SolutionGuid = {DFD04ECD-4772-4F84-B821-D7A216755B27}
	EndGlobalSection
EndGlobal
